
Microsoft Visual Studio Solution File, Format Version 12.00
# Visual Studio Version 16
VisualStudioVersion = 16.0.30114.105
MinimumVisualStudioVersion = 10.0.40219.1
Project("{FAE04EC0-301F-11D3-BF4B-00C04F79EFBC}") = "01", "01\01.csproj", "{6B918F91-6FA3-4B72-B155-09B3D581F12D}"
EndProject
Project("{FAE04EC0-301F-11D3-BF4B-00C04F79EFBC}") = "02", "02\02.csproj", "{6A9E33FA-57D4-4A30-A6DD-584F31C5E677}"
EndProject
Project("{FAE04EC0-301F-11D3-BF4B-00C04F79EFBC}") = "03", "03\03.csproj", "{0620DD9E-147F-4E25-A880-A69C78FDC1E1}"
EndProject
Project("{FAE04EC0-301F-11D3-BF4B-00C04F79EFBC}") = "04", "04\04.csproj", "{8BF82AA1-5AF1-4377-96AE-2CEB706A3254}"
EndProject
Project("{FAE04EC0-301F-11D3-BF4B-00C04F79EFBC}") = "05", "05\05.csproj", "{B9442E60-0449-49F8-850F-6D57D2C26DC0}"
EndProject
Project("{FAE04EC0-301F-11D3-BF4B-00C04F79EFBC}") = "06", "06\06.csproj", "{EAB102E1-8E3B-4C03-B0A3-0AB81A813CB1}"
EndProject
Project("{FAE04EC0-301F-11D3-BF4B-00C04F79EFBC}") = "07", "07\07.csproj", "{8B6AAE0C-E3CC-4C44-8EE3-9A1DAFF6DD66}"
EndProject
Project("{FAE04EC0-301F-11D3-BF4B-00C04F79EFBC}") = "08", "08\08.csproj", "{80F40EF9-5A1A-4F3C-AE9A-A3B60713AA70}"
EndProject
Global
	GlobalSection(SolutionConfigurationPlatforms) = preSolution
		Debug|Any CPU = Debug|Any CPU
		Release|Any CPU = Release|Any CPU
	EndGlobalSection
	GlobalSection(ProjectConfigurationPlatforms) = postSolution
		{6B918F91-6FA3-4B72-B155-09B3D581F12D}.Debug|Any CPU.ActiveCfg = Debug|Any CPU
		{6B918F91-6FA3-4B72-B155-09B3D581F12D}.Debug|Any CPU.Build.0 = Debug|Any CPU
		{6B918F91-6FA3-4B72-B155-09B3D581F12D}.Release|Any CPU.ActiveCfg = Release|Any CPU
		{6B918F91-6FA3-4B72-B155-09B3D581F12D}.Release|Any CPU.Build.0 = Release|Any CPU
		{6A9E33FA-57D4-4A30-A6DD-584F31C5E677}.Debug|Any CPU.ActiveCfg = Debug|Any CPU
		{6A9E33FA-57D4-4A30-A6DD-584F31C5E677}.Debug|Any CPU.Build.0 = Debug|Any CPU
		{6A9E33FA-57D4-4A30-A6DD-584F31C5E677}.Release|Any CPU.ActiveCfg = Release|Any CPU
		{6A9E33FA-57D4-4A30-A6DD-584F31C5E677}.Release|Any CPU.Build.0 = Release|Any CPU
		{0620DD9E-147F-4E25-A880-A69C78FDC1E1}.Debug|Any CPU.ActiveCfg = Debug|Any CPU
		{0620DD9E-147F-4E25-A880-A69C78FDC1E1}.Debug|Any CPU.Build.0 = Debug|Any CPU
		{0620DD9E-147F-4E25-A880-A69C78FDC1E1}.Release|Any CPU.ActiveCfg = Release|Any CPU
		{0620DD9E-147F-4E25-A880-A69C78FDC1E1}.Release|Any CPU.Build.0 = Release|Any CPU
		{8BF82AA1-5AF1-4377-96AE-2CEB706A3254}.Debug|Any CPU.ActiveCfg = Debug|Any CPU
		{8BF82AA1-5AF1-4377-96AE-2CEB706A3254}.Debug|Any CPU.Build.0 = Debug|Any CPU
		{8BF82AA1-5AF1-4377-96AE-2CEB706A3254}.Release|Any CPU.ActiveCfg = Release|Any CPU
		{8BF82AA1-5AF1-4377-96AE-2CEB706A3254}.Release|Any CPU.Build.0 = Release|Any CPU
		{B9442E60-0449-49F8-850F-6D57D2C26DC0}.Debug|Any CPU.ActiveCfg = Debug|Any CPU
		{B9442E60-0449-49F8-850F-6D57D2C26DC0}.Debug|Any CPU.Build.0 = Debug|Any CPU
		{B9442E60-0449-49F8-850F-6D57D2C26DC0}.Release|Any CPU.ActiveCfg = Release|Any CPU
		{B9442E60-0449-49F8-850F-6D57D2C26DC0}.Release|Any CPU.Build.0 = Release|Any CPU
		{EAB102E1-8E3B-4C03-B0A3-0AB81A813CB1}.Debug|Any CPU.ActiveCfg = Debug|Any CPU
		{EAB102E1-8E3B-4C03-B0A3-0AB81A813CB1}.Debug|Any CPU.Build.0 = Debug|Any CPU
		{EAB102E1-8E3B-4C03-B0A3-0AB81A813CB1}.Release|Any CPU.ActiveCfg = Release|Any CPU
		{EAB102E1-8E3B-4C03-B0A3-0AB81A813CB1}.Release|Any CPU.Build.0 = Release|Any CPU
		{8B6AAE0C-E3CC-4C44-8EE3-9A1DAFF6DD66}.Debug|Any CPU.ActiveCfg = Debug|Any CPU
		{8B6AAE0C-E3CC-4C44-8EE3-9A1DAFF6DD66}.Debug|Any CPU.Build.0 = Debug|Any CPU
		{8B6AAE0C-E3CC-4C44-8EE3-9A1DAFF6DD66}.Release|Any CPU.ActiveCfg = Release|Any CPU
		{8B6AAE0C-E3CC-4C44-8EE3-9A1DAFF6DD66}.Release|Any CPU.Build.0 = Release|Any CPU
		{80F40EF9-5A1A-4F3C-AE9A-A3B60713AA70}.Debug|Any CPU.ActiveCfg = Debug|Any CPU
		{80F40EF9-5A1A-4F3C-AE9A-A3B60713AA70}.Debug|Any CPU.Build.0 = Debug|Any CPU
		{80F40EF9-5A1A-4F3C-AE9A-A3B60713AA70}.Release|Any CPU.ActiveCfg = Release|Any CPU
		{80F40EF9-5A1A-4F3C-AE9A-A3B60713AA70}.Release|Any CPU.Build.0 = Release|Any CPU
	EndGlobalSection
	GlobalSection(SolutionProperties) = preSolution
		HideSolutionNode = FALSE
	EndGlobalSection
	GlobalSection(ExtensibilityGlobals) = postSolution
		SolutionGuid = {BFF992CD-A8A2-488E-8266-201B2C459A4E}
	EndGlobalSection
EndGlobal
